Microsoft Visual Studio Solution File, Format Version 12.00
# Visual Studio 15
Project("{8BC9CEB8-8B4A-11D0-8D11-00A0C91BC942}") = "ALL_BUILD", "ALL_BUILD.vcxproj", "{37131834-CF92-34F1-ADED-C9CD7678455F}"
	ProjectSection(ProjectDependencies) = postProject
		{046D2E2C-6C60-325F-AF65-F6520E0C9CD7} = {046D2E2C-6C60-325F-AF65-F6520E0C9CD7}
		{AD67A8DC-6E15-3E5E-A38B-191C28F38D2D} = {AD67A8DC-6E15-3E5E-A38B-191C28F38D2D}
	EndProjectSection
EndProject
Project("{8BC9CEB8-8B4A-11D0-8D11-00A0C91BC942}") = "HapEE-Control", "HapEE-Control.vcxproj", "{046D2E2C-6C60-325F-AF65-F6520E0C9CD7}"
	ProjectSection(ProjectDependencies) = postProject
		{AD67A8DC-6E15-3E5E-A38B-191C28F38D2D} = {AD67A8DC-6E15-3E5E-A38B-191C28F38D2D}
	EndProjectSection
EndProject
Project("{8BC9CEB8-8B4A-11D0-8D11-00A0C91BC942}") = "ZERO_CHECK", "ZERO_CHECK.vcxproj", "{AD67A8DC-6E15-3E5E-A38B-191C28F38D2D}"
	ProjectSection(ProjectDependencies) = postProject
	EndProjectSection
EndProject
Global
	GlobalSection(SolutionConfigurationPlatforms) = preSolution
		Debug|x64 = Debug|x64
		Release|x64 = Release|x64
		MinSizeRel|x64 = MinSizeRel|x64
		RelWithDebInfo|x64 = RelWithDebInfo|x64
	EndGlobalSection
	GlobalSection(ProjectConfigurationPlatforms) = postSolution
		{37131834-CF92-34F1-ADED-C9CD7678455F}.Debug|x64.ActiveCfg = Debug|x64
		{37131834-CF92-34F1-ADED-C9CD7678455F}.Release|x64.ActiveCfg = Release|x64
		{37131834-CF92-34F1-ADED-C9CD7678455F}.MinSizeRel|x64.ActiveCfg = MinSizeRel|x64
		{37131834-CF92-34F1-ADED-C9CD7678455F}.RelWithDebInfo|x64.ActiveCfg = RelWithDebInfo|x64
		{046D2E2C-6C60-325F-AF65-F6520E0C9CD7}.Debug|x64.ActiveCfg = Debug|x64
		{046D2E2C-6C60-325F-AF65-F6520E0C9CD7}.Debug|x64.Build.0 = Debug|x64
		{046D2E2C-6C60-325F-AF65-F6520E0C9CD7}.Release|x64.ActiveCfg = Release|x64
		{046D2E2C-6C60-325F-AF65-F6520E0C9CD7}.Release|x64.Build.0 = Release|x64
		{046D2E2C-6C60-325F-AF65-F6520E0C9CD7}.MinSizeRel|x64.ActiveCfg = MinSizeRel|x64
		{046D2E2C-6C60-325F-AF65-F6520E0C9CD7}.MinSizeRel|x64.Build.0 = MinSizeRel|x64
		{046D2E2C-6C60-325F-AF65-F6520E0C9CD7}.RelWithDebInfo|x64.ActiveCfg = RelWithDebInfo|x64
		{046D2E2C-6C60-325F-AF65-F6520E0C9CD7}.RelWithDebInfo|x64.Build.0 = RelWithDebInfo|x64
		{AD67A8DC-6E15-3E5E-A38B-191C28F38D2D}.Debug|x64.ActiveCfg = Debug|x64
		{AD67A8DC-6E15-3E5E-A38B-191C28F38D2D}.Debug|x64.Build.0 = Debug|x64
		{AD67A8DC-6E15-3E5E-A38B-191C28F38D2D}.Release|x64.ActiveCfg = Release|x64
		{AD67A8DC-6E15-3E5E-A38B-191C28F38D2D}.Release|x64.Build.0 = Release|x64
		{AD67A8DC-6E15-3E5E-A38B-191C28F38D2D}.MinSizeRel|x64.ActiveCfg = MinSizeRel|x64
		{AD67A8DC-6E15-3E5E-A38B-191C28F38D2D}.MinSizeRel|x64.Build.0 = MinSizeRel|x64
		{AD67A8DC-6E15-3E5E-A38B-191C28F38D2D}.RelWithDebInfo|x64.ActiveCfg = RelWithDebInfo|x64
		{AD67A8DC-6E15-3E5E-A38B-191C28F38D2D}.RelWithDebInfo|x64.Build.0 = RelWithDebInfo|x64
	EndGlobalSection
	GlobalSection(ExtensibilityGlobals) = postSolution
		SolutionGuid = {E8C3F018-2F34-32A8-BD13-D6E00165EA7B}
	EndGlobalSection
	GlobalSection(ExtensibilityAddIns) = postSolution
	EndGlobalSection
EndGlobal
